
Microsoft Visual Studio Solution File, Format Version 12.00
# Visual Studio Version 16
VisualStudioVersion = 16.0.30310.162
MinimumVisualStudioVersion = 10.0.40219.1
Project("{FAE04EC0-301F-11D3-BF4B-00C04F79EFBC}") = "core", "ыкс\core\core.csproj", "{C6D340E8-8584-4219-81EF-A649E5ED2423}"
EndProject
Global
	GlobalSection(SolutionConfigurationPlatforms) = preSolution
		Debug|Any CPU = Debug|Any CPU
		Release|Any CPU = Release|Any CPU
	EndGlobalSection
	GlobalSection(ProjectConfigurationPlatforms) = postSolution
		{C6D340E8-8584-4219-81EF-A649E5ED2423}.Debug|Any CPU.ActiveCfg = Debug|Any CPU
		{C6D340E8-8584-4219-81EF-A649E5ED2423}.Debug|Any CPU.Build.0 = Debug|Any CPU
		{C6D340E8-8584-4219-81EF-A649E5ED2423}.Release|Any CPU.ActiveCfg = Release|Any CPU
		{C6D340E8-8584-4219-81EF-A649E5ED2423}.Release|Any CPU.Build.0 = Release|Any CPU
	EndGlobalSection
	GlobalSection(SolutionProperties) = preSolution
		HideSolutionNode = FALSE
	EndGlobalSection
	GlobalSection(ExtensibilityGlobals) = postSolution
		SolutionGuid = {0CF1D601-7C08-4811-B010-6183380394E3}
	EndGlobalSection
EndGlobal
